// !$*UTF8*$!
{
	archiveVersion = 1;
	classes = {
	};
	objectVersion = 46;
	objects = {

/* Begin PBXBuildFile section */
		B1AF5DDD1A6BBE5A00297D06 /* TableViewController.swift in Sources */ = {isa = PBXBuildFile; fileRef = B1AF5DDC1A6BBE5A00297D06 /* TableViewController.swift */; };
		B1AF5DDF1A6BC0EE00297D06 /* MapKit.framework in Frameworks */ = {isa = PBXBuildFile; fileRef = B1AF5DDE1A6BC0EE00297D06 /* MapKit.framework */; };
		B1C1F4301A6AA2310079F004 /* AppDelegate.swift in Sources */ = {isa = PBXBuildFile; fileRef = B1C1F42F1A6AA2310079F004 /* AppDelegate.swift */; };
		B1C1F4321A6AA2310079F004 /* ViewController.swift in Sources */ = {isa = PBXBuildFile; fileRef = B1C1F4311A6AA2310079F004 /* ViewController.swift */; };
		B1C1F4351A6AA2310079F004 /* Main.storyboard in Resources */ = {isa = PBXBuildFile; fileRef = B1C1F4331A6AA2310079F004 /* Main.storyboard */; };
		B1C1F4371A6AA2310079F004 /* Images.xcassets in Resources */ = {isa = PBXBuildFile; fileRef = B1C1F4361A6AA2310079F004 /* Images.xcassets */; };
		B1C1F43A1A6AA2310079F004 /* LaunchScreen.xib in Resources */ = {isa = PBXBuildFile; fileRef = B1C1F4381A6AA2310079F004 /* LaunchScreen.xib */; };
		B1C1F4461A6AA2310079F004 /* Where_Am_ITests.swift in Sources */ = {isa = PBXBuildFile; fileRef = B1C1F4451A6AA2310079F004 /* Where_Am_ITests.swift */; };
		B1C1F4501A6AA2470079F004 /* CoreLocation.framework in Frameworks */ = {isa = PBXBuildFile; fileRef = B1C1F44F1A6AA2470079F004 /* CoreLocation.framework */; };
/* End PBXBuildFile section */

/* Begin PBXContainerItemProxy section */
		B1C1F4401A6AA2310079F004 /* PBXContainerItemProxy */ = {
			isa = PBXContainerItemProxy;
			containerPortal = B1C1F4221A6AA2310079F004 /* Project object */;
			proxyType = 1;
			remoteGlobalIDString = B1C1F4291A6AA2310079F004;
			remoteInfo = "Where Am I";
		};
/* End PBXContainerItemProxy section */

/* Begin PBXFileReference section */
		B1AF5DDC1A6BBE5A00297D06 /* TableViewController.swift */ = {isa = PBXFileReference; fileEncoding = 4; lastKnownFileType = sourcecode.swift; path = TableViewController.swift; sourceTree = "<group>"; };
		B1AF5DDE1A6BC0EE00297D06 /* MapKit.framework */ = {isa = PBXFileReference; lastKnownFileType = wrapper.framework; name = MapKit.framework; path = System/Library/Frameworks/MapKit.framework; sourceTree = SDKROOT; };
		B1C1F42A1A6AA2310079F004 /* Where Am I.app */ = {isa = PBXFileReference; explicitFileType = wrapper.application; includeInIndex = 0; path = "Where Am I.app"; sourceTree = BUILT_PRODUCTS_DIR; };
		B1C1F42E1A6AA2310079F004 /* Info.plist */ = {isa = PBXFileReference; lastKnownFileType = text.plist.xml; path = Info.plist; sourceTree = "<group>"; };
		B1C1F42F1A6AA2310079F004 /* AppDelegate.swift */ = {isa = PBXFileReference; lastKnownFileType = sourcecode.swift; path = AppDelegate.swift; sourceTree = "<group>"; };
		B1C1F4311A6AA2310079F004 /* ViewController.swift */ = {isa = PBXFileReference; lastKnownFileType = sourcecode.swift; path = ViewController.swift; sourceTree = "<group>"; };
		B1C1F4341A6AA2310079F004 /* Base */ = {isa = PBXFileReference; lastKnownFileType = file.storyboard; name = Base; path = Base.lproj/Main.storyboard; sourceTree = "<group>"; };
		B1C1F4361A6AA2310079F004 /* Images.xcassets */ = {isa = PBXFileReference; lastKnownFileType = folder.assetcatalog; path = Images.xcassets; sourceTree = "<group>"; };
		B1C1F4391A6AA2310079F004 /* Base */ = {isa = PBXFileReference; lastKnownFileType = file.xib; name = Base; path = Base.lproj/LaunchScreen.xib; sourceTree = "<group>"; };
		B1C1F43F1A6AA2310079F004 /* Where Am ITests.xctest */ = {isa = PBXFileReference; explicitFileType = wrapper.cfbundle; includeInIndex = 0; path = "Where Am ITests.xctest"; sourceTree = BUILT_PRODUCTS_DIR; };
		B1C1F4441A6AA2310079F004 /* Info.plist */ = {isa = PBXFileReference; lastKnownFileType = text.plist.xml; path = Info.plist; sourceTree = "<group>"; };
		B1C1F4451A6AA2310079F004 /* Where_Am_ITests.swift */ = {isa = PBXFileReference; lastKnownFileType = sourcecode.swift; path = Where_Am_ITests.swift; sourceTree = "<group>"; };
		B1C1F44F1A6AA2470079F004 /* CoreLocation.framework */ = {isa = PBXFileReference; lastKnownFileType = wrapper.framework; name = CoreLocation.framework; path = System/Library/Frameworks/CoreLocation.framework; sourceTree = SDKROOT; };
/* End PBXFileReference section */

/* Begin PBXFrameworksBuildPhase section */
		B1C1F4271A6AA2310079F004 /* Frameworks */ = {
			isa = PBXFrameworksBuildPhase;
			buildActionMask = 2147483647;
			files = (
				B1AF5DDF1A6BC0EE00297D06 /* MapKit.framework in Frameworks */,
				B1C1F4501A6AA2470079F004 /* CoreLocation.framework in Frameworks */,
			);
			runOnlyForDeploymentPostprocessing = 0;
		};
		B1C1F43C1A6AA2310079F004 /* Frameworks */ = {
			isa = PBXFrameworksBuildPhase;
			buildActionMask = 2147483647;
			files = (
			);
			runOnlyForDeploymentPostprocessing = 0;
		};
/* End PBXFrameworksBuildPhase section */

/* Begin PBXGroup section */
		B1C1F4211A6AA2310079F004 = {
			isa = PBXGroup;
			children = (
				B1AF5DDE1A6BC0EE00297D06 /* MapKit.framework */,
				B1C1F44F1A6AA2470079F004 /* CoreLocation.framework */,
				B1C1F42C1A6AA2310079F004 /* Where Am I */,
				B1C1F4421A6AA2310079F004 /* Where Am ITests */,
				B1C1F42B1A6AA2310079F004 /* Products */,
			);
			sourceTree = "<group>";
		};
		B1C1F42B1A6AA2310079F004 /* Products */ = {
			isa = PBXGroup;
			children = (
				B1C1F42A1A6AA2310079F004 /* Where Am I.app */,
				B1C1F43F1A6AA2310079F004 /* Where Am ITests.xctest */,
			);
			name = Products;
			sourceTree = "<group>";
		};
		B1C1F42C1A6AA2310079F004 /* Where Am I */ = {
			isa = PBXGroup;
			children = (
				B1C1F42F1A6AA2310079F004 /* AppDelegate.swift */,
				B1C1F4311A6AA2310079F004 /* ViewController.swift */,
				B1C1F4331A6AA2310079F004 /* Main.storyboard */,
				B1AF5DDC1A6BBE5A00297D06 /* TableViewController.swift */,
				B1C1F4361A6AA2310079F004 /* Images.xcassets */,
				B1C1F4381A6AA2310079F004 /* LaunchScreen.xib */,
				B1C1F42D1A6AA2310079F004 /* Supporting Files */,
			);
			path = "Where Am I";
			sourceTree = "<group>";
		};
		B1C1F42D1A6AA2310079F004 /* Supporting Files */ = {
			isa = PBXGroup;
			children = (
				B1C1F42E1A6AA2310079F004 /* Info.plist */,
			);
			name = "Supporting Files";
			sourceTree = "<group>";
		};
		B1C1F4421A6AA2310079F004 /* Where Am ITests */ = {
			isa = PBXGroup;
			children = (
				B1C1F4451A6AA2310079F004 /* Where_Am_ITests.swift */,
				B1C1F4431A6AA2310079F004 /* Supporting Files */,
			);
			path = "Where Am ITests";
			sourceTree = "<group>";
		};
		B1C1F4431A6AA2310079F004 /* Supporting Files */ = {
			isa = PBXGroup;
			children = (
				B1C1F4441A6AA2310079F004 /* Info.plist */,
			);
			name = "Supporting Files";
			sourceTree = "<group>";
		};
/* End PBXGroup section */

/* Begin PBXNativeTarget section */
		B1C1F4291A6AA2310079F004 /* Where Am I */ = {
			isa = PBXNativeTarget;
			buildConfigurationList = B1C1F4491A6AA2310079F004 /* Build configuration list for PBXNativeTarget "Where Am I" */;
			buildPhases = (
				B1C1F4261A6AA2310079F004 /* Sources */,
				B1C1F4271A6AA2310079F004 /* Frameworks */,
				B1C1F4281A6AA2310079F004 /* Resources */,
			);
			buildRules = (
			);
			dependencies = (
			);
			name = "Where Am I";
			productName = "Where Am I";
			productReference = B1C1F42A1A6AA2310079F004 /* Where Am I.app */;
			productType = "com.apple.product-type.application";
		};
		B1C1F43E1A6AA2310079F004 /* Where Am ITests */ = {
			isa = PBXNativeTarget;
			buildConfigurationList = B1C1F44C1A6AA2310079F004 /* Build configuration list for PBXNativeTarget "Where Am ITests" */;
			buildPhases = (
				B1C1F43B1A6AA2310079F004 /* Sources */,
				B1C1F43C1A6AA2310079F004 /* Frameworks */,
				B1C1F43D1A6AA2310079F004 /* Resources */,
			);
			buildRules = (
			);
			dependencies = (
				B1C1F4411A6AA2310079F004 /* PBXTargetDependency */,
			);
			name = "Where Am ITests";
			productName = "Where Am ITests";
			productReference = B1C1F43F1A6AA2310079F004 /* Where Am ITests.xctest */;
			productType = "com.apple.product-type.bundle.unit-test";
		};
/* End PBXNativeTarget section */

/* Begin PBXProject section */
		B1C1F4221A6AA2310079F004 /* Project object */ = {
			isa = PBXProject;
			attributes = {
				LastUpgradeCheck = 0610;
				ORGANIZATIONNAME = "Dominic Wong";
				TargetAttributes = {
					B1C1F4291A6AA2310079F004 = {
						CreatedOnToolsVersion = 6.1.1;
					};
					B1C1F43E1A6AA2310079F004 = {
						CreatedOnToolsVersion = 6.1.1;
						TestTargetID = B1C1F4291A6AA2310079F004;
					};
				};
			};
			buildConfigurationList = B1C1F4251A6AA2310079F004 /* Build configuration list for PBXProject "Where Am I" */;
			compatibilityVersion = "Xcode 3.2";
			developmentRegion = English;
			hasScannedForEncodings = 0;
			knownRegions = (
				en,
				Base,
			);
			mainGroup = B1C1F4211A6AA2310079F004;
			productRefGroup = B1C1F42B1A6AA2310079F004 /* Products */;
			projectDirPath = "";
			projectRoot = "";
			targets = (
				B1C1F4291A6AA2310079F004 /* Where Am I */,
				B1C1F43E1A6AA2310079F004 /* Where Am ITests */,
			);
		};
/* End PBXProject section */

/* Begin PBXResourcesBuildPhase section */
		B1C1F4281A6AA2310079F004 /* Resources */ = {
			isa = PBXResourcesBuildPhase;
			buildActionMask = 2147483647;
			files = (
				B1C1F4351A6AA2310079F004 /* Main.storyboard in Resources */,
				B1C1F43A1A6AA2310079F004 /* LaunchScreen.xib in Resources */,
				B1C1F4371A6AA2310079F004 /* Images.xcassets in Resources */,
			);
			runOnlyForDeploymentPostprocessing = 0;
		};
		B1C1F43D1A6AA2310079F004 /* Resources */ = {
			isa = PBXResourcesBuildPhase;
			buildActionMask = 2147483647;
			files = (
			);
			runOnlyForDeploymentPostprocessing = 0;
		};
/* End PBXResourcesBuildPhase section */

/* Begin PBXSourcesBuildPhase section */
		B1C1F4261A6AA2310079F004 /* Sources */ = {
			isa = PBXSourcesBuildPhase;
			buildActionMask = 2147483647;
			files = (
				B1C1F4321A6AA2310079F004 /* ViewController.swift in Sources */,
				B1AF5DDD1A6BBE5A00297D06 /* TableViewController.swift in Sources */,
				B1C1F4301A6AA2310079F004 /* AppDelegate.swift in Sources */,
			);
			runOnlyForDeploymentPostprocessing = 0;
		};
		B1C1F43B1A6AA2310079F004 /* Sources */ = {
			isa = PBXSourcesBuildPhase;
			buildActionMask = 2147483647;
			files = (
				B1C1F4461A6AA2310079F004 /* Where_Am_ITests.swift in Sources */,
			);
			runOnlyForDeploymentPostprocessing = 0;
		};
/* End PBXSourcesBuildPhase section */

/* Begin PBXTargetDependency section */
		B1C1F4411A6AA2310079F004 /* PBXTargetDependency */ = {
			isa = PBXTargetDependency;
			target = B1C1F4291A6AA2310079F004 /* Where Am I */;
			targetProxy = B1C1F4401A6AA2310079F004 /* PBXContainerItemProxy */;
		};
/* End PBXTargetDependency section */

/* Begin PBXVariantGroup section */
		B1C1F4331A6AA2310079F004 /* Main.storyboard */ = {
			isa = PBXVariantGroup;
			children = (
				B1C1F4341A6AA2310079F004 /* Base */,
			);
			name = Main.storyboard;
			sourceTree = "<group>";
		};
		B1C1F4381A6AA2310079F004 /* LaunchScreen.xib */ = {
			isa = PBXVariantGroup;
			children = (
				B1C1F4391A6AA2310079F004 /* Base */,
			);
			name = LaunchScreen.xib;
			sourceTree = "<group>";
		};
/* End PBXVariantGroup section */

/* Begin XCBuildConfiguration section */
		B1C1F4471A6AA2310079F004 /* Debug */ = {
			isa = XCBuildConfiguration;
			buildSettings = {
				ALWAYS_SEARCH_USER_PATHS = NO;
				CLANG_CXX_LANGUAGE_STANDARD = "gnu++0x";
				CLANG_CXX_LIBRARY = "libc++";
				CLANG_ENABLE_MODULES = YES;
				CLANG_ENABLE_OBJC_ARC = YES;
				CLANG_WARN_BOOL_CONVERSION = YES;
				CLANG_WARN_CONSTANT_CONVERSION = YES;
				CLANG_WARN_DIRECT_OBJC_ISA_USAGE = YES_ERROR;
				CLANG_WARN_EMPTY_BODY = YES;
				CLANG_WARN_ENUM_CONVERSION = YES;
				CLANG_WARN_INT_CONVERSION = YES;
				CLANG_WARN_OBJC_ROOT_CLASS = YES_ERROR;
				CLANG_WARN_UNREACHABLE_CODE = YES;
				CLANG_WARN__DUPLICATE_METHOD_MATCH = YES;
				"CODE_SIGN_IDENTITY[sdk=iphoneos*]" = "iPhone Developer";
				COPY_PHASE_STRIP = NO;
				ENABLE_STRICT_OBJC_MSGSEND = YES;
				GCC_C_LANGUAGE_STANDARD = gnu99;
				GCC_DYNAMIC_NO_PIC = NO;
				GCC_OPTIMIZATION_LEVEL = 0;
				GCC_PREPROCESSOR_DEFINITIONS = (
					"DEBUG=1",
					"$(inherited)",
				);
				GCC_SYMBOLS_PRIVATE_EXTERN = NO;
				GCC_WARN_64_TO_32_BIT_CONVERSION = YES;
				GCC_WARN_ABOUT_RETURN_TYPE = YES_ERROR;
				GCC_WARN_UNDECLARED_SELECTOR = YES;
				GCC_WARN_UNINITIALIZED_AUTOS = YES_AGGRESSIVE;
				GCC_WARN_UNUSED_FUNCTION = YES;
				GCC_WARN_UNUSED_VARIABLE = YES;
				IPHONEOS_DEPLOYMENT_TARGET = 8.1;
				MTL_ENABLE_DEBUG_INFO = YES;
				ONLY_ACTIVE_ARCH = YES;
				SDKROOT = iphoneos;
				SWIFT_OPTIMIZATION_LEVEL = "-Onone";
			};
			name = Debug;
		};
		B1C1F4481A6AA2310079F004 /* Release */ = {
			isa = XCBuildConfiguration;
			buildSettings = {
				ALWAYS_SEARCH_USER_PATHS = NO;
				CLANG_CXX_LANGUAGE_STANDARD = "gnu++0x";
				CLANG_CXX_LIBRARY = "libc++";
				CLANG_ENABLE_MODULES = YES;
				CLANG_ENABLE_OBJC_ARC = YES;
				CLANG_WARN_BOOL_CONVERSION = YES;
				CLANG_WARN_CONSTANT_CONVERSION = YES;
				CLANG_WARN_DIRECT_OBJC_ISA_USAGE = YES_ERROR;
				CLANG_WARN_EMPTY_BODY = YES;
				CLANG_WARN_ENUM_CONVERSION = YES;
				CLANG_WARN_INT_CONVERSION = YES;
				CLANG_WARN_OBJC_ROOT_CLASS = YES_ERROR;
				CLANG_WARN_UNREACHABLE_CODE = YES;
				CLANG_WARN__DUPLICATE_METHOD_MATCH = YES;
				"CODE_SIGN_IDENTITY[sdk=iphoneos*]" = "iPhone Developer";
				COPY_PHASE_STRIP = YES;
				ENABLE_NS_ASSERTIONS = NO;
				ENABLE_STRICT_OBJC_MSGSEND = YES;
				GCC_C_LANGUAGE_STANDARD = gnu99;
				GCC_WARN_64_TO_32_BIT_CONVERSION = YES;
				GCC_WARN_ABOUT_RETURN_TYPE = YES_ERROR;
				GCC_WARN_UNDECLARED_SELECTOR = YES;
				GCC_WARN_UNINITIALIZED_AUTOS = YES_AGGRESSIVE;
				GCC_WARN_UNUSED_FUNCTION = YES;
				GCC_WARN_UNUSED_VARIABLE = YES;
				IPHONEOS_DEPLOYMENT_TARGET = 8.1;
				MTL_ENABLE_DEBUG_INFO = NO;
				SDKROOT = iphoneos;
				VALIDATE_PRODUCT = YES;
			};
			name = Release;
		};
		B1C1F44A1A6AA2310079F004 /* Debug */ = {
			isa = XCBuildConfiguration;
			buildSettings = {
				ASSETCATALOG_COMPILER_APPICON_NAME = AppIcon;
				INFOPLIST_FILE = "Where Am I/Info.plist";
				LD_RUNPATH_SEARCH_PATHS = "$(inherited) @executable_path/Frameworks";
				PRODUCT_NAME = "$(TARGET_NAME)";
			};
			name = Debug;
		};
		B1C1F44B1A6AA2310079F004 /* Release */ = {
			isa = XCBuildConfiguration;
			buildSettings = {
				ASSETCATALOG_COMPILER_APPICON_NAME = AppIcon;
				INFOPLIST_FILE = "Where Am I/Info.plist";
				LD_RUNPATH_SEARCH_PATHS = "$(inherited) @executable_path/Frameworks";
				PRODUCT_NAME = "$(TARGET_NAME)";
			};
			name = Release;
		};
		B1C1F44D1A6AA2310079F004 /* Debug */ = {
			isa = XCBuildConfiguration;
			buildSettings = {
				BUNDLE_LOADER = "$(TEST_HOST)";
				FRAMEWORK_SEARCH_PATHS = (
					"$(SDKROOT)/Developer/Library/Frameworks",
					"$(inherited)",
				);
				GCC_PREPROCESSOR_DEFINITIONS = (
					"DEBUG=1",
					"$(inherited)",
				);
				INFOPLIST_FILE = "Where Am ITests/Info.plist";
				LD_RUNPATH_SEARCH_PATHS = "$(inherited) @executable_path/Frameworks @loader_path/Frameworks";
				PRODUCT_NAME = "$(TARGET_NAME)";
				TEST_HOST = "$(BUILT_PRODUCTS_DIR)/Where Am I.app/Where Am I";
			};
			name = Debug;
		};
		B1C1F44E1A6AA2310079F004 /* Release */ = {
			isa = XCBuildConfiguration;
			buildSettings = {
				BUNDLE_LOADER = "$(TEST_HOST)";
				FRAMEWORK_SEARCH_PATHS = (
					"$(SDKROOT)/Developer/Library/Frameworks",
					"$(inherited)",
				);
				INFOPLIST_FILE = "Where Am ITests/Info.plist";
				LD_RUNPATH_SEARCH_PATHS = "$(inherited) @executable_path/Frameworks @loader_path/Frameworks";
				PRODUCT_NAME = "$(TARGET_NAME)";
				TEST_HOST = "$(BUILT_PRODUCTS_DIR)/Where Am I.app/Where Am I";
			};
			name = Release;
		};
/* End XCBuildConfiguration section */

/* Begin XCConfigurationList section */
		B1C1F4251A6AA2310079F004 /* Build configuration list for PBXProject "Where Am I" */ = {
			isa = XCConfigurationList;
			buildConfigurations = (
				B1C1F4471A6AA2310079F004 /* Debug */,
				B1C1F4481A6AA2310079F004 /* Release */,
			);
			defaultConfigurationIsVisible = 0;
			defaultConfigurationName = Release;
		};
		B1C1F4491A6AA2310079F004 /* Build configuration list for PBXNativeTarget "Where Am I" */ = {
			isa = XCConfigurationList;
			buildConfigurations = (
				B1C1F44A1A6AA2310079F004 /* Debug */,
				B1C1F44B1A6AA2310079F004 /* Release */,
			);
			defaultConfigurationIsVisible = 0;
			defaultConfigurationName = Release;
		};
		B1C1F44C1A6AA2310079F004 /* Build configuration list for PBXNativeTarget "Where Am ITests" */ = {
			isa = XCConfigurationList;
			buildConfigurations = (
				B1C1F44D1A6AA2310079F004 /* Debug */,
				B1C1F44E1A6AA2310079F004 /* Release */,
			);
			defaultConfigurationIsVisible = 0;
			defaultConfigurationName = Release;
		};
/* End XCConfigurationList section */
	};
	rootObject = B1C1F4221A6AA2310079F004 /* Project object */;
}
