// !$*UTF8*$!
{
	archiveVersion = 1;
	classes = {
	};
	objectVersion = 46;
	objects = {

/* Begin PBXBuildFile section */
		B10683941A640D2200E79A97 /* AppDelegate.swift in Sources */ = {isa = PBXBuildFile; fileRef = B10683931A640D2200E79A97 /* AppDelegate.swift */; };
		B10683961A640D2200E79A97 /* ViewController.swift in Sources */ = {isa = PBXBuildFile; fileRef = B10683951A640D2200E79A97 /* ViewController.swift */; };
		B10683991A640D2200E79A97 /* Main.storyboard in Resources */ = {isa = PBXBuildFile; fileRef = B10683971A640D2200E79A97 /* Main.storyboard */; };
		B106839B1A640D2200E79A97 /* Images.xcassets in Resources */ = {isa = PBXBuildFile; fileRef = B106839A1A640D2200E79A97 /* Images.xcassets */; };
		B106839E1A640D2200E79A97 /* LaunchScreen.xib in Resources */ = {isa = PBXBuildFile; fileRef = B106839C1A640D2200E79A97 /* LaunchScreen.xib */; };
		B10683AA1A640D2200E79A97 /* StopWatchTests.swift in Sources */ = {isa = PBXBuildFile; fileRef = B10683A91A640D2200E79A97 /* StopWatchTests.swift */; };
		B10683B41A640FB800E79A97 /* stop-watch.png in Resources */ = {isa = PBXBuildFile; fileRef = B10683B31A640FB800E79A97 /* stop-watch.png */; };
/* End PBXBuildFile section */

/* Begin PBXContainerItemProxy section */
		B10683A41A640D2200E79A97 /* PBXContainerItemProxy */ = {
			isa = PBXContainerItemProxy;
			containerPortal = B10683861A640D2200E79A97 /* Project object */;
			proxyType = 1;
			remoteGlobalIDString = B106838D1A640D2200E79A97;
			remoteInfo = StopWatch;
		};
/* End PBXContainerItemProxy section */

/* Begin PBXFileReference section */
		B106838E1A640D2200E79A97 /* StopWatch.app */ = {isa = PBXFileReference; explicitFileType = wrapper.application; includeInIndex = 0; path = StopWatch.app; sourceTree = BUILT_PRODUCTS_DIR; };
		B10683921A640D2200E79A97 /* Info.plist */ = {isa = PBXFileReference; lastKnownFileType = text.plist.xml; path = Info.plist; sourceTree = "<group>"; };
		B10683931A640D2200E79A97 /* AppDelegate.swift */ = {isa = PBXFileReference; lastKnownFileType = sourcecode.swift; path = AppDelegate.swift; sourceTree = "<group>"; };
		B10683951A640D2200E79A97 /* ViewController.swift */ = {isa = PBXFileReference; lastKnownFileType = sourcecode.swift; path = ViewController.swift; sourceTree = "<group>"; };
		B10683981A640D2200E79A97 /* Base */ = {isa = PBXFileReference; lastKnownFileType = file.storyboard; name = Base; path = Base.lproj/Main.storyboard; sourceTree = "<group>"; };
		B106839A1A640D2200E79A97 /* Images.xcassets */ = {isa = PBXFileReference; lastKnownFileType = folder.assetcatalog; path = Images.xcassets; sourceTree = "<group>"; };
		B106839D1A640D2200E79A97 /* Base */ = {isa = PBXFileReference; lastKnownFileType = file.xib; name = Base; path = Base.lproj/LaunchScreen.xib; sourceTree = "<group>"; };
		B10683A31A640D2200E79A97 /* StopWatchTests.xctest */ = {isa = PBXFileReference; explicitFileType = wrapper.cfbundle; includeInIndex = 0; path = StopWatchTests.xctest; sourceTree = BUILT_PRODUCTS_DIR; };
		B10683A81A640D2200E79A97 /* Info.plist */ = {isa = PBXFileReference; lastKnownFileType = text.plist.xml; path = Info.plist; sourceTree = "<group>"; };
		B10683A91A640D2200E79A97 /* StopWatchTests.swift */ = {isa = PBXFileReference; lastKnownFileType = sourcecode.swift; path = StopWatchTests.swift; sourceTree = "<group>"; };
		B10683B31A640FB800E79A97 /* stop-watch.png */ = {isa = PBXFileReference; lastKnownFileType = image.png; path = "stop-watch.png"; sourceTree = "<group>"; };
/* End PBXFileReference section */

/* Begin PBXFrameworksBuildPhase section */
		B106838B1A640D2200E79A97 /* Frameworks */ = {
			isa = PBXFrameworksBuildPhase;
			buildActionMask = 2147483647;
			files = (
			);
			runOnlyForDeploymentPostprocessing = 0;
		};
		B10683A01A640D2200E79A97 /* Frameworks */ = {
			isa = PBXFrameworksBuildPhase;
			buildActionMask = 2147483647;
			files = (
			);
			runOnlyForDeploymentPostprocessing = 0;
		};
/* End PBXFrameworksBuildPhase section */

/* Begin PBXGroup section */
		B10683851A640D2200E79A97 = {
			isa = PBXGroup;
			children = (
				B10683901A640D2200E79A97 /* StopWatch */,
				B10683A61A640D2200E79A97 /* StopWatchTests */,
				B106838F1A640D2200E79A97 /* Products */,
			);
			sourceTree = "<group>";
		};
		B106838F1A640D2200E79A97 /* Products */ = {
			isa = PBXGroup;
			children = (
				B106838E1A640D2200E79A97 /* StopWatch.app */,
				B10683A31A640D2200E79A97 /* StopWatchTests.xctest */,
			);
			name = Products;
			sourceTree = "<group>";
		};
		B10683901A640D2200E79A97 /* StopWatch */ = {
			isa = PBXGroup;
			children = (
				B10683931A640D2200E79A97 /* AppDelegate.swift */,
				B10683951A640D2200E79A97 /* ViewController.swift */,
				B10683971A640D2200E79A97 /* Main.storyboard */,
				B106839A1A640D2200E79A97 /* Images.xcassets */,
				B10683B31A640FB800E79A97 /* stop-watch.png */,
				B106839C1A640D2200E79A97 /* LaunchScreen.xib */,
				B10683911A640D2200E79A97 /* Supporting Files */,
			);
			path = StopWatch;
			sourceTree = "<group>";
		};
		B10683911A640D2200E79A97 /* Supporting Files */ = {
			isa = PBXGroup;
			children = (
				B10683921A640D2200E79A97 /* Info.plist */,
			);
			name = "Supporting Files";
			sourceTree = "<group>";
		};
		B10683A61A640D2200E79A97 /* StopWatchTests */ = {
			isa = PBXGroup;
			children = (
				B10683A91A640D2200E79A97 /* StopWatchTests.swift */,
				B10683A71A640D2200E79A97 /* Supporting Files */,
			);
			path = StopWatchTests;
			sourceTree = "<group>";
		};
		B10683A71A640D2200E79A97 /* Supporting Files */ = {
			isa = PBXGroup;
			children = (
				B10683A81A640D2200E79A97 /* Info.plist */,
			);
			name = "Supporting Files";
			sourceTree = "<group>";
		};
/* End PBXGroup section */

/* Begin PBXNativeTarget section */
		B106838D1A640D2200E79A97 /* StopWatch */ = {
			isa = PBXNativeTarget;
			buildConfigurationList = B10683AD1A640D2200E79A97 /* Build configuration list for PBXNativeTarget "StopWatch" */;
			buildPhases = (
				B106838A1A640D2200E79A97 /* Sources */,
				B106838B1A640D2200E79A97 /* Frameworks */,
				B106838C1A640D2200E79A97 /* Resources */,
			);
			buildRules = (
			);
			dependencies = (
			);
			name = StopWatch;
			productName = StopWatch;
			productReference = B106838E1A640D2200E79A97 /* StopWatch.app */;
			productType = "com.apple.product-type.application";
		};
		B10683A21A640D2200E79A97 /* StopWatchTests */ = {
			isa = PBXNativeTarget;
			buildConfigurationList = B10683B01A640D2200E79A97 /* Build configuration list for PBXNativeTarget "StopWatchTests" */;
			buildPhases = (
				B106839F1A640D2200E79A97 /* Sources */,
				B10683A01A640D2200E79A97 /* Frameworks */,
				B10683A11A640D2200E79A97 /* Resources */,
			);
			buildRules = (
			);
			dependencies = (
				B10683A51A640D2200E79A97 /* PBXTargetDependency */,
			);
			name = StopWatchTests;
			productName = StopWatchTests;
			productReference = B10683A31A640D2200E79A97 /* StopWatchTests.xctest */;
			productType = "com.apple.product-type.bundle.unit-test";
		};
/* End PBXNativeTarget section */

/* Begin PBXProject section */
		B10683861A640D2200E79A97 /* Project object */ = {
			isa = PBXProject;
			attributes = {
				LastUpgradeCheck = 0610;
				ORGANIZATIONNAME = "Dominic Wong";
				TargetAttributes = {
					B106838D1A640D2200E79A97 = {
						CreatedOnToolsVersion = 6.1.1;
					};
					B10683A21A640D2200E79A97 = {
						CreatedOnToolsVersion = 6.1.1;
						TestTargetID = B106838D1A640D2200E79A97;
					};
				};
			};
			buildConfigurationList = B10683891A640D2200E79A97 /* Build configuration list for PBXProject "StopWatch" */;
			compatibilityVersion = "Xcode 3.2";
			developmentRegion = English;
			hasScannedForEncodings = 0;
			knownRegions = (
				en,
				Base,
			);
			mainGroup = B10683851A640D2200E79A97;
			productRefGroup = B106838F1A640D2200E79A97 /* Products */;
			projectDirPath = "";
			projectRoot = "";
			targets = (
				B106838D1A640D2200E79A97 /* StopWatch */,
				B10683A21A640D2200E79A97 /* StopWatchTests */,
			);
		};
/* End PBXProject section */

/* Begin PBXResourcesBuildPhase section */
		B106838C1A640D2200E79A97 /* Resources */ = {
			isa = PBXResourcesBuildPhase;
			buildActionMask = 2147483647;
			files = (
				B10683991A640D2200E79A97 /* Main.storyboard in Resources */,
				B106839E1A640D2200E79A97 /* LaunchScreen.xib in Resources */,
				B106839B1A640D2200E79A97 /* Images.xcassets in Resources */,
				B10683B41A640FB800E79A97 /* stop-watch.png in Resources */,
			);
			runOnlyForDeploymentPostprocessing = 0;
		};
		B10683A11A640D2200E79A97 /* Resources */ = {
			isa = PBXResourcesBuildPhase;
			buildActionMask = 2147483647;
			files = (
			);
			runOnlyForDeploymentPostprocessing = 0;
		};
/* End PBXResourcesBuildPhase section */

/* Begin PBXSourcesBuildPhase section */
		B106838A1A640D2200E79A97 /* Sources */ = {
			isa = PBXSourcesBuildPhase;
			buildActionMask = 2147483647;
			files = (
				B10683961A640D2200E79A97 /* ViewController.swift in Sources */,
				B10683941A640D2200E79A97 /* AppDelegate.swift in Sources */,
			);
			runOnlyForDeploymentPostprocessing = 0;
		};
		B106839F1A640D2200E79A97 /* Sources */ = {
			isa = PBXSourcesBuildPhase;
			buildActionMask = 2147483647;
			files = (
				B10683AA1A640D2200E79A97 /* StopWatchTests.swift in Sources */,
			);
			runOnlyForDeploymentPostprocessing = 0;
		};
/* End PBXSourcesBuildPhase section */

/* Begin PBXTargetDependency section */
		B10683A51A640D2200E79A97 /* PBXTargetDependency */ = {
			isa = PBXTargetDependency;
			target = B106838D1A640D2200E79A97 /* StopWatch */;
			targetProxy = B10683A41A640D2200E79A97 /* PBXContainerItemProxy */;
		};
/* End PBXTargetDependency section */

/* Begin PBXVariantGroup section */
		B10683971A640D2200E79A97 /* Main.storyboard */ = {
			isa = PBXVariantGroup;
			children = (
				B10683981A640D2200E79A97 /* Base */,
			);
			name = Main.storyboard;
			sourceTree = "<group>";
		};
		B106839C1A640D2200E79A97 /* LaunchScreen.xib */ = {
			isa = PBXVariantGroup;
			children = (
				B106839D1A640D2200E79A97 /* Base */,
			);
			name = LaunchScreen.xib;
			sourceTree = "<group>";
		};
/* End PBXVariantGroup section */

/* Begin XCBuildConfiguration section */
		B10683AB1A640D2200E79A97 /* Debug */ = {
			isa = XCBuildConfiguration;
			buildSettings = {
				ALWAYS_SEARCH_USER_PATHS = NO;
				CLANG_CXX_LANGUAGE_STANDARD = "gnu++0x";
				CLANG_CXX_LIBRARY = "libc++";
				CLANG_ENABLE_MODULES = YES;
				CLANG_ENABLE_OBJC_ARC = YES;
				CLANG_WARN_BOOL_CONVERSION = YES;
				CLANG_WARN_CONSTANT_CONVERSION = YES;
				CLANG_WARN_DIRECT_OBJC_ISA_USAGE = YES_ERROR;
				CLANG_WARN_EMPTY_BODY = YES;
				CLANG_WARN_ENUM_CONVERSION = YES;
				CLANG_WARN_INT_CONVERSION = YES;
				CLANG_WARN_OBJC_ROOT_CLASS = YES_ERROR;
				CLANG_WARN_UNREACHABLE_CODE = YES;
				CLANG_WARN__DUPLICATE_METHOD_MATCH = YES;
				"CODE_SIGN_IDENTITY[sdk=iphoneos*]" = "iPhone Developer";
				COPY_PHASE_STRIP = NO;
				ENABLE_STRICT_OBJC_MSGSEND = YES;
				GCC_C_LANGUAGE_STANDARD = gnu99;
				GCC_DYNAMIC_NO_PIC = NO;
				GCC_OPTIMIZATION_LEVEL = 0;
				GCC_PREPROCESSOR_DEFINITIONS = (
					"DEBUG=1",
					"$(inherited)",
				);
				GCC_SYMBOLS_PRIVATE_EXTERN = NO;
				GCC_WARN_64_TO_32_BIT_CONVERSION = YES;
				GCC_WARN_ABOUT_RETURN_TYPE = YES_ERROR;
				GCC_WARN_UNDECLARED_SELECTOR = YES;
				GCC_WARN_UNINITIALIZED_AUTOS = YES_AGGRESSIVE;
				GCC_WARN_UNUSED_FUNCTION = YES;
				GCC_WARN_UNUSED_VARIABLE = YES;
				IPHONEOS_DEPLOYMENT_TARGET = 8.1;
				MTL_ENABLE_DEBUG_INFO = YES;
				ONLY_ACTIVE_ARCH = YES;
				SDKROOT = iphoneos;
				SWIFT_OPTIMIZATION_LEVEL = "-Onone";
			};
			name = Debug;
		};
		B10683AC1A640D2200E79A97 /* Release */ = {
			isa = XCBuildConfiguration;
			buildSettings = {
				ALWAYS_SEARCH_USER_PATHS = NO;
				CLANG_CXX_LANGUAGE_STANDARD = "gnu++0x";
				CLANG_CXX_LIBRARY = "libc++";
				CLANG_ENABLE_MODULES = YES;
				CLANG_ENABLE_OBJC_ARC = YES;
				CLANG_WARN_BOOL_CONVERSION = YES;
				CLANG_WARN_CONSTANT_CONVERSION = YES;
				CLANG_WARN_DIRECT_OBJC_ISA_USAGE = YES_ERROR;
				CLANG_WARN_EMPTY_BODY = YES;
				CLANG_WARN_ENUM_CONVERSION = YES;
				CLANG_WARN_INT_CONVERSION = YES;
				CLANG_WARN_OBJC_ROOT_CLASS = YES_ERROR;
				CLANG_WARN_UNREACHABLE_CODE = YES;
				CLANG_WARN__DUPLICATE_METHOD_MATCH = YES;
				"CODE_SIGN_IDENTITY[sdk=iphoneos*]" = "iPhone Developer";
				COPY_PHASE_STRIP = YES;
				ENABLE_NS_ASSERTIONS = NO;
				ENABLE_STRICT_OBJC_MSGSEND = YES;
				GCC_C_LANGUAGE_STANDARD = gnu99;
				GCC_WARN_64_TO_32_BIT_CONVERSION = YES;
				GCC_WARN_ABOUT_RETURN_TYPE = YES_ERROR;
				GCC_WARN_UNDECLARED_SELECTOR = YES;
				GCC_WARN_UNINITIALIZED_AUTOS = YES_AGGRESSIVE;
				GCC_WARN_UNUSED_FUNCTION = YES;
				GCC_WARN_UNUSED_VARIABLE = YES;
				IPHONEOS_DEPLOYMENT_TARGET = 8.1;
				MTL_ENABLE_DEBUG_INFO = NO;
				SDKROOT = iphoneos;
				VALIDATE_PRODUCT = YES;
			};
			name = Release;
		};
		B10683AE1A640D2200E79A97 /* Debug */ = {
			isa = XCBuildConfiguration;
			buildSettings = {
				ASSETCATALOG_COMPILER_APPICON_NAME = AppIcon;
				INFOPLIST_FILE = StopWatch/Info.plist;
				LD_RUNPATH_SEARCH_PATHS = "$(inherited) @executable_path/Frameworks";
				PRODUCT_NAME = "$(TARGET_NAME)";
			};
			name = Debug;
		};
		B10683AF1A640D2200E79A97 /* Release */ = {
			isa = XCBuildConfiguration;
			buildSettings = {
				ASSETCATALOG_COMPILER_APPICON_NAME = AppIcon;
				INFOPLIST_FILE = StopWatch/Info.plist;
				LD_RUNPATH_SEARCH_PATHS = "$(inherited) @executable_path/Frameworks";
				PRODUCT_NAME = "$(TARGET_NAME)";
			};
			name = Release;
		};
		B10683B11A640D2200E79A97 /* Debug */ = {
			isa = XCBuildConfiguration;
			buildSettings = {
				BUNDLE_LOADER = "$(TEST_HOST)";
				FRAMEWORK_SEARCH_PATHS = (
					"$(SDKROOT)/Developer/Library/Frameworks",
					"$(inherited)",
				);
				GCC_PREPROCESSOR_DEFINITIONS = (
					"DEBUG=1",
					"$(inherited)",
				);
				INFOPLIST_FILE = StopWatchTests/Info.plist;
				LD_RUNPATH_SEARCH_PATHS = "$(inherited) @executable_path/Frameworks @loader_path/Frameworks";
				PRODUCT_NAME = "$(TARGET_NAME)";
				TEST_HOST = "$(BUILT_PRODUCTS_DIR)/StopWatch.app/StopWatch";
			};
			name = Debug;
		};
		B10683B21A640D2200E79A97 /* Release */ = {
			isa = XCBuildConfiguration;
			buildSettings = {
				BUNDLE_LOADER = "$(TEST_HOST)";
				FRAMEWORK_SEARCH_PATHS = (
					"$(SDKROOT)/Developer/Library/Frameworks",
					"$(inherited)",
				);
				INFOPLIST_FILE = StopWatchTests/Info.plist;
				LD_RUNPATH_SEARCH_PATHS = "$(inherited) @executable_path/Frameworks @loader_path/Frameworks";
				PRODUCT_NAME = "$(TARGET_NAME)";
				TEST_HOST = "$(BUILT_PRODUCTS_DIR)/StopWatch.app/StopWatch";
			};
			name = Release;
		};
/* End XCBuildConfiguration section */

/* Begin XCConfigurationList section */
		B10683891A640D2200E79A97 /* Build configuration list for PBXProject "StopWatch" */ = {
			isa = XCConfigurationList;
			buildConfigurations = (
				B10683AB1A640D2200E79A97 /* Debug */,
				B10683AC1A640D2200E79A97 /* Release */,
			);
			defaultConfigurationIsVisible = 0;
			defaultConfigurationName = Release;
		};
		B10683AD1A640D2200E79A97 /* Build configuration list for PBXNativeTarget "StopWatch" */ = {
			isa = XCConfigurationList;
			buildConfigurations = (
				B10683AE1A640D2200E79A97 /* Debug */,
				B10683AF1A640D2200E79A97 /* Release */,
			);
			defaultConfigurationIsVisible = 0;
		};
		B10683B01A640D2200E79A97 /* Build configuration list for PBXNativeTarget "StopWatchTests" */ = {
			isa = XCConfigurationList;
			buildConfigurations = (
				B10683B11A640D2200E79A97 /* Debug */,
				B10683B21A640D2200E79A97 /* Release */,
			);
			defaultConfigurationIsVisible = 0;
		};
/* End XCConfigurationList section */
	};
	rootObject = B10683861A640D2200E79A97 /* Project object */;
}
