// !$*UTF8*$!
{
	archiveVersion = 1;
	classes = {
	};
	objectVersion = 46;
	objects = {

/* Begin PBXBuildFile section */
		B129AC1B1A6E8C7F009F6A8C /* google.png in Resources */ = {isa = PBXBuildFile; fileRef = B129AC1A1A6E8C7F009F6A8C /* google.png */; };
		B129AC1D1A6E8CCA009F6A8C /* chrome.png in Resources */ = {isa = PBXBuildFile; fileRef = B129AC1C1A6E8CCA009F6A8C /* chrome.png */; };
		B129AC1F1A6E8CE2009F6A8C /* youtube.png in Resources */ = {isa = PBXBuildFile; fileRef = B129AC1E1A6E8CE2009F6A8C /* youtube.png */; };
		B1FB683B1A6D49950036D545 /* AppDelegate.swift in Sources */ = {isa = PBXBuildFile; fileRef = B1FB683A1A6D49950036D545 /* AppDelegate.swift */; };
		B1FB683E1A6D49950036D545 /* Blog_Reader.xcdatamodeld in Sources */ = {isa = PBXBuildFile; fileRef = B1FB683C1A6D49950036D545 /* Blog_Reader.xcdatamodeld */; };
		B1FB68401A6D49950036D545 /* MasterViewController.swift in Sources */ = {isa = PBXBuildFile; fileRef = B1FB683F1A6D49950036D545 /* MasterViewController.swift */; };
		B1FB68421A6D49950036D545 /* DetailViewController.swift in Sources */ = {isa = PBXBuildFile; fileRef = B1FB68411A6D49950036D545 /* DetailViewController.swift */; };
		B1FB68451A6D49950036D545 /* Main.storyboard in Resources */ = {isa = PBXBuildFile; fileRef = B1FB68431A6D49950036D545 /* Main.storyboard */; };
		B1FB68471A6D49950036D545 /* Images.xcassets in Resources */ = {isa = PBXBuildFile; fileRef = B1FB68461A6D49950036D545 /* Images.xcassets */; };
		B1FB684A1A6D49950036D545 /* LaunchScreen.xib in Resources */ = {isa = PBXBuildFile; fileRef = B1FB68481A6D49950036D545 /* LaunchScreen.xib */; };
		B1FB68561A6D49950036D545 /* Blog_ReaderTests.swift in Sources */ = {isa = PBXBuildFile; fileRef = B1FB68551A6D49950036D545 /* Blog_ReaderTests.swift */; };
/* End PBXBuildFile section */

/* Begin PBXContainerItemProxy section */
		B1FB68501A6D49950036D545 /* PBXContainerItemProxy */ = {
			isa = PBXContainerItemProxy;
			containerPortal = B1FB682D1A6D49950036D545 /* Project object */;
			proxyType = 1;
			remoteGlobalIDString = B1FB68341A6D49950036D545;
			remoteInfo = "Blog Reader";
		};
/* End PBXContainerItemProxy section */

/* Begin PBXFileReference section */
		B129AC1A1A6E8C7F009F6A8C /* google.png */ = {isa = PBXFileReference; lastKnownFileType = image.png; path = google.png; sourceTree = "<group>"; };
		B129AC1C1A6E8CCA009F6A8C /* chrome.png */ = {isa = PBXFileReference; lastKnownFileType = image.png; path = chrome.png; sourceTree = "<group>"; };
		B129AC1E1A6E8CE2009F6A8C /* youtube.png */ = {isa = PBXFileReference; lastKnownFileType = image.png; path = youtube.png; sourceTree = "<group>"; };
		B1FB68351A6D49950036D545 /* Blog Reader.app */ = {isa = PBXFileReference; explicitFileType = wrapper.application; includeInIndex = 0; path = "Blog Reader.app"; sourceTree = BUILT_PRODUCTS_DIR; };
		B1FB68391A6D49950036D545 /* Info.plist */ = {isa = PBXFileReference; lastKnownFileType = text.plist.xml; path = Info.plist; sourceTree = "<group>"; };
		B1FB683A1A6D49950036D545 /* AppDelegate.swift */ = {isa = PBXFileReference; lastKnownFileType = sourcecode.swift; path = AppDelegate.swift; sourceTree = "<group>"; };
		B1FB683D1A6D49950036D545 /* Blog_Reader.xcdatamodel */ = {isa = PBXFileReference; lastKnownFileType = wrapper.xcdatamodel; path = Blog_Reader.xcdatamodel; sourceTree = "<group>"; };
		B1FB683F1A6D49950036D545 /* MasterViewController.swift */ = {isa = PBXFileReference; lastKnownFileType = sourcecode.swift; path = MasterViewController.swift; sourceTree = "<group>"; };
		B1FB68411A6D49950036D545 /* DetailViewController.swift */ = {isa = PBXFileReference; lastKnownFileType = sourcecode.swift; path = DetailViewController.swift; sourceTree = "<group>"; };
		B1FB68441A6D49950036D545 /* Base */ = {isa = PBXFileReference; lastKnownFileType = file.storyboard; name = Base; path = Base.lproj/Main.storyboard; sourceTree = "<group>"; };
		B1FB68461A6D49950036D545 /* Images.xcassets */ = {isa = PBXFileReference; lastKnownFileType = folder.assetcatalog; path = Images.xcassets; sourceTree = "<group>"; };
		B1FB68491A6D49950036D545 /* Base */ = {isa = PBXFileReference; lastKnownFileType = file.xib; name = Base; path = Base.lproj/LaunchScreen.xib; sourceTree = "<group>"; };
		B1FB684F1A6D49950036D545 /* Blog ReaderTests.xctest */ = {isa = PBXFileReference; explicitFileType = wrapper.cfbundle; includeInIndex = 0; path = "Blog ReaderTests.xctest"; sourceTree = BUILT_PRODUCTS_DIR; };
		B1FB68541A6D49950036D545 /* Info.plist */ = {isa = PBXFileReference; lastKnownFileType = text.plist.xml; path = Info.plist; sourceTree = "<group>"; };
		B1FB68551A6D49950036D545 /* Blog_ReaderTests.swift */ = {isa = PBXFileReference; lastKnownFileType = sourcecode.swift; path = Blog_ReaderTests.swift; sourceTree = "<group>"; };
/* End PBXFileReference section */

/* Begin PBXFrameworksBuildPhase section */
		B1FB68321A6D49950036D545 /* Frameworks */ = {
			isa = PBXFrameworksBuildPhase;
			buildActionMask = 2147483647;
			files = (
			);
			runOnlyForDeploymentPostprocessing = 0;
		};
		B1FB684C1A6D49950036D545 /* Frameworks */ = {
			isa = PBXFrameworksBuildPhase;
			buildActionMask = 2147483647;
			files = (
			);
			runOnlyForDeploymentPostprocessing = 0;
		};
/* End PBXFrameworksBuildPhase section */

/* Begin PBXGroup section */
		B1FB682C1A6D49950036D545 = {
			isa = PBXGroup;
			children = (
				B1FB68371A6D49950036D545 /* Blog Reader */,
				B1FB68521A6D49950036D545 /* Blog ReaderTests */,
				B1FB68361A6D49950036D545 /* Products */,
			);
			sourceTree = "<group>";
		};
		B1FB68361A6D49950036D545 /* Products */ = {
			isa = PBXGroup;
			children = (
				B1FB68351A6D49950036D545 /* Blog Reader.app */,
				B1FB684F1A6D49950036D545 /* Blog ReaderTests.xctest */,
			);
			name = Products;
			sourceTree = "<group>";
		};
		B1FB68371A6D49950036D545 /* Blog Reader */ = {
			isa = PBXGroup;
			children = (
				B1FB683A1A6D49950036D545 /* AppDelegate.swift */,
				B1FB683F1A6D49950036D545 /* MasterViewController.swift */,
				B1FB68411A6D49950036D545 /* DetailViewController.swift */,
				B1FB68431A6D49950036D545 /* Main.storyboard */,
				B1FB68461A6D49950036D545 /* Images.xcassets */,
				B1FB68481A6D49950036D545 /* LaunchScreen.xib */,
				B129AC1C1A6E8CCA009F6A8C /* chrome.png */,
				B129AC1E1A6E8CE2009F6A8C /* youtube.png */,
				B129AC1A1A6E8C7F009F6A8C /* google.png */,
				B1FB683C1A6D49950036D545 /* Blog_Reader.xcdatamodeld */,
				B1FB68381A6D49950036D545 /* Supporting Files */,
			);
			path = "Blog Reader";
			sourceTree = "<group>";
		};
		B1FB68381A6D49950036D545 /* Supporting Files */ = {
			isa = PBXGroup;
			children = (
				B1FB68391A6D49950036D545 /* Info.plist */,
			);
			name = "Supporting Files";
			sourceTree = "<group>";
		};
		B1FB68521A6D49950036D545 /* Blog ReaderTests */ = {
			isa = PBXGroup;
			children = (
				B1FB68551A6D49950036D545 /* Blog_ReaderTests.swift */,
				B1FB68531A6D49950036D545 /* Supporting Files */,
			);
			path = "Blog ReaderTests";
			sourceTree = "<group>";
		};
		B1FB68531A6D49950036D545 /* Supporting Files */ = {
			isa = PBXGroup;
			children = (
				B1FB68541A6D49950036D545 /* Info.plist */,
			);
			name = "Supporting Files";
			sourceTree = "<group>";
		};
/* End PBXGroup section */

/* Begin PBXNativeTarget section */
		B1FB68341A6D49950036D545 /* Blog Reader */ = {
			isa = PBXNativeTarget;
			buildConfigurationList = B1FB68591A6D49950036D545 /* Build configuration list for PBXNativeTarget "Blog Reader" */;
			buildPhases = (
				B1FB68311A6D49950036D545 /* Sources */,
				B1FB68321A6D49950036D545 /* Frameworks */,
				B1FB68331A6D49950036D545 /* Resources */,
			);
			buildRules = (
			);
			dependencies = (
			);
			name = "Blog Reader";
			productName = "Blog Reader";
			productReference = B1FB68351A6D49950036D545 /* Blog Reader.app */;
			productType = "com.apple.product-type.application";
		};
		B1FB684E1A6D49950036D545 /* Blog ReaderTests */ = {
			isa = PBXNativeTarget;
			buildConfigurationList = B1FB685C1A6D49950036D545 /* Build configuration list for PBXNativeTarget "Blog ReaderTests" */;
			buildPhases = (
				B1FB684B1A6D49950036D545 /* Sources */,
				B1FB684C1A6D49950036D545 /* Frameworks */,
				B1FB684D1A6D49950036D545 /* Resources */,
			);
			buildRules = (
			);
			dependencies = (
				B1FB68511A6D49950036D545 /* PBXTargetDependency */,
			);
			name = "Blog ReaderTests";
			productName = "Blog ReaderTests";
			productReference = B1FB684F1A6D49950036D545 /* Blog ReaderTests.xctest */;
			productType = "com.apple.product-type.bundle.unit-test";
		};
/* End PBXNativeTarget section */

/* Begin PBXProject section */
		B1FB682D1A6D49950036D545 /* Project object */ = {
			isa = PBXProject;
			attributes = {
				LastUpgradeCheck = 0610;
				ORGANIZATIONNAME = "Dominic Wong";
				TargetAttributes = {
					B1FB68341A6D49950036D545 = {
						CreatedOnToolsVersion = 6.1.1;
					};
					B1FB684E1A6D49950036D545 = {
						CreatedOnToolsVersion = 6.1.1;
						TestTargetID = B1FB68341A6D49950036D545;
					};
				};
			};
			buildConfigurationList = B1FB68301A6D49950036D545 /* Build configuration list for PBXProject "Blog Reader" */;
			compatibilityVersion = "Xcode 3.2";
			developmentRegion = English;
			hasScannedForEncodings = 0;
			knownRegions = (
				en,
				Base,
			);
			mainGroup = B1FB682C1A6D49950036D545;
			productRefGroup = B1FB68361A6D49950036D545 /* Products */;
			projectDirPath = "";
			projectRoot = "";
			targets = (
				B1FB68341A6D49950036D545 /* Blog Reader */,
				B1FB684E1A6D49950036D545 /* Blog ReaderTests */,
			);
		};
/* End PBXProject section */

/* Begin PBXResourcesBuildPhase section */
		B1FB68331A6D49950036D545 /* Resources */ = {
			isa = PBXResourcesBuildPhase;
			buildActionMask = 2147483647;
			files = (
				B1FB68451A6D49950036D545 /* Main.storyboard in Resources */,
				B1FB684A1A6D49950036D545 /* LaunchScreen.xib in Resources */,
				B129AC1B1A6E8C7F009F6A8C /* google.png in Resources */,
				B129AC1F1A6E8CE2009F6A8C /* youtube.png in Resources */,
				B1FB68471A6D49950036D545 /* Images.xcassets in Resources */,
				B129AC1D1A6E8CCA009F6A8C /* chrome.png in Resources */,
			);
			runOnlyForDeploymentPostprocessing = 0;
		};
		B1FB684D1A6D49950036D545 /* Resources */ = {
			isa = PBXResourcesBuildPhase;
			buildActionMask = 2147483647;
			files = (
			);
			runOnlyForDeploymentPostprocessing = 0;
		};
/* End PBXResourcesBuildPhase section */

/* Begin PBXSourcesBuildPhase section */
		B1FB68311A6D49950036D545 /* Sources */ = {
			isa = PBXSourcesBuildPhase;
			buildActionMask = 2147483647;
			files = (
				B1FB683E1A6D49950036D545 /* Blog_Reader.xcdatamodeld in Sources */,
				B1FB683B1A6D49950036D545 /* AppDelegate.swift in Sources */,
				B1FB68401A6D49950036D545 /* MasterViewController.swift in Sources */,
				B1FB68421A6D49950036D545 /* DetailViewController.swift in Sources */,
			);
			runOnlyForDeploymentPostprocessing = 0;
		};
		B1FB684B1A6D49950036D545 /* Sources */ = {
			isa = PBXSourcesBuildPhase;
			buildActionMask = 2147483647;
			files = (
				B1FB68561A6D49950036D545 /* Blog_ReaderTests.swift in Sources */,
			);
			runOnlyForDeploymentPostprocessing = 0;
		};
/* End PBXSourcesBuildPhase section */

/* Begin PBXTargetDependency section */
		B1FB68511A6D49950036D545 /* PBXTargetDependency */ = {
			isa = PBXTargetDependency;
			target = B1FB68341A6D49950036D545 /* Blog Reader */;
			targetProxy = B1FB68501A6D49950036D545 /* PBXContainerItemProxy */;
		};
/* End PBXTargetDependency section */

/* Begin PBXVariantGroup section */
		B1FB68431A6D49950036D545 /* Main.storyboard */ = {
			isa = PBXVariantGroup;
			children = (
				B1FB68441A6D49950036D545 /* Base */,
			);
			name = Main.storyboard;
			sourceTree = "<group>";
		};
		B1FB68481A6D49950036D545 /* LaunchScreen.xib */ = {
			isa = PBXVariantGroup;
			children = (
				B1FB68491A6D49950036D545 /* Base */,
			);
			name = LaunchScreen.xib;
			sourceTree = "<group>";
		};
/* End PBXVariantGroup section */

/* Begin XCBuildConfiguration section */
		B1FB68571A6D49950036D545 /* Debug */ = {
			isa = XCBuildConfiguration;
			buildSettings = {
				ALWAYS_SEARCH_USER_PATHS = NO;
				CLANG_CXX_LANGUAGE_STANDARD = "gnu++0x";
				CLANG_CXX_LIBRARY = "libc++";
				CLANG_ENABLE_MODULES = YES;
				CLANG_ENABLE_OBJC_ARC = YES;
				CLANG_WARN_BOOL_CONVERSION = YES;
				CLANG_WARN_CONSTANT_CONVERSION = YES;
				CLANG_WARN_DIRECT_OBJC_ISA_USAGE = YES_ERROR;
				CLANG_WARN_EMPTY_BODY = YES;
				CLANG_WARN_ENUM_CONVERSION = YES;
				CLANG_WARN_INT_CONVERSION = YES;
				CLANG_WARN_OBJC_ROOT_CLASS = YES_ERROR;
				CLANG_WARN_UNREACHABLE_CODE = YES;
				CLANG_WARN__DUPLICATE_METHOD_MATCH = YES;
				"CODE_SIGN_IDENTITY[sdk=iphoneos*]" = "iPhone Developer";
				COPY_PHASE_STRIP = NO;
				ENABLE_STRICT_OBJC_MSGSEND = YES;
				GCC_C_LANGUAGE_STANDARD = gnu99;
				GCC_DYNAMIC_NO_PIC = NO;
				GCC_OPTIMIZATION_LEVEL = 0;
				GCC_PREPROCESSOR_DEFINITIONS = (
					"DEBUG=1",
					"$(inherited)",
				);
				GCC_SYMBOLS_PRIVATE_EXTERN = NO;
				GCC_WARN_64_TO_32_BIT_CONVERSION = YES;
				GCC_WARN_ABOUT_RETURN_TYPE = YES_ERROR;
				GCC_WARN_UNDECLARED_SELECTOR = YES;
				GCC_WARN_UNINITIALIZED_AUTOS = YES_AGGRESSIVE;
				GCC_WARN_UNUSED_FUNCTION = YES;
				GCC_WARN_UNUSED_VARIABLE = YES;
				IPHONEOS_DEPLOYMENT_TARGET = 8.1;
				MTL_ENABLE_DEBUG_INFO = YES;
				ONLY_ACTIVE_ARCH = YES;
				SDKROOT = iphoneos;
				SWIFT_OPTIMIZATION_LEVEL = "-Onone";
				TARGETED_DEVICE_FAMILY = "1,2";
			};
			name = Debug;
		};
		B1FB68581A6D49950036D545 /* Release */ = {
			isa = XCBuildConfiguration;
			buildSettings = {
				ALWAYS_SEARCH_USER_PATHS = NO;
				CLANG_CXX_LANGUAGE_STANDARD = "gnu++0x";
				CLANG_CXX_LIBRARY = "libc++";
				CLANG_ENABLE_MODULES = YES;
				CLANG_ENABLE_OBJC_ARC = YES;
				CLANG_WARN_BOOL_CONVERSION = YES;
				CLANG_WARN_CONSTANT_CONVERSION = YES;
				CLANG_WARN_DIRECT_OBJC_ISA_USAGE = YES_ERROR;
				CLANG_WARN_EMPTY_BODY = YES;
				CLANG_WARN_ENUM_CONVERSION = YES;
				CLANG_WARN_INT_CONVERSION = YES;
				CLANG_WARN_OBJC_ROOT_CLASS = YES_ERROR;
				CLANG_WARN_UNREACHABLE_CODE = YES;
				CLANG_WARN__DUPLICATE_METHOD_MATCH = YES;
				"CODE_SIGN_IDENTITY[sdk=iphoneos*]" = "iPhone Developer";
				COPY_PHASE_STRIP = YES;
				ENABLE_NS_ASSERTIONS = NO;
				ENABLE_STRICT_OBJC_MSGSEND = YES;
				GCC_C_LANGUAGE_STANDARD = gnu99;
				GCC_WARN_64_TO_32_BIT_CONVERSION = YES;
				GCC_WARN_ABOUT_RETURN_TYPE = YES_ERROR;
				GCC_WARN_UNDECLARED_SELECTOR = YES;
				GCC_WARN_UNINITIALIZED_AUTOS = YES_AGGRESSIVE;
				GCC_WARN_UNUSED_FUNCTION = YES;
				GCC_WARN_UNUSED_VARIABLE = YES;
				IPHONEOS_DEPLOYMENT_TARGET = 8.1;
				MTL_ENABLE_DEBUG_INFO = NO;
				SDKROOT = iphoneos;
				TARGETED_DEVICE_FAMILY = "1,2";
				VALIDATE_PRODUCT = YES;
			};
			name = Release;
		};
		B1FB685A1A6D49950036D545 /* Debug */ = {
			isa = XCBuildConfiguration;
			buildSettings = {
				ASSETCATALOG_COMPILER_APPICON_NAME = AppIcon;
				INFOPLIST_FILE = "Blog Reader/Info.plist";
				LD_RUNPATH_SEARCH_PATHS = "$(inherited) @executable_path/Frameworks";
				PRODUCT_NAME = "$(TARGET_NAME)";
			};
			name = Debug;
		};
		B1FB685B1A6D49950036D545 /* Release */ = {
			isa = XCBuildConfiguration;
			buildSettings = {
				ASSETCATALOG_COMPILER_APPICON_NAME = AppIcon;
				INFOPLIST_FILE = "Blog Reader/Info.plist";
				LD_RUNPATH_SEARCH_PATHS = "$(inherited) @executable_path/Frameworks";
				PRODUCT_NAME = "$(TARGET_NAME)";
			};
			name = Release;
		};
		B1FB685D1A6D49950036D545 /* Debug */ = {
			isa = XCBuildConfiguration;
			buildSettings = {
				BUNDLE_LOADER = "$(TEST_HOST)";
				FRAMEWORK_SEARCH_PATHS = (
					"$(SDKROOT)/Developer/Library/Frameworks",
					"$(inherited)",
				);
				GCC_PREPROCESSOR_DEFINITIONS = (
					"DEBUG=1",
					"$(inherited)",
				);
				INFOPLIST_FILE = "Blog ReaderTests/Info.plist";
				LD_RUNPATH_SEARCH_PATHS = "$(inherited) @executable_path/Frameworks @loader_path/Frameworks";
				PRODUCT_NAME = "$(TARGET_NAME)";
				TEST_HOST = "$(BUILT_PRODUCTS_DIR)/Blog Reader.app/Blog Reader";
			};
			name = Debug;
		};
		B1FB685E1A6D49950036D545 /* Release */ = {
			isa = XCBuildConfiguration;
			buildSettings = {
				BUNDLE_LOADER = "$(TEST_HOST)";
				FRAMEWORK_SEARCH_PATHS = (
					"$(SDKROOT)/Developer/Library/Frameworks",
					"$(inherited)",
				);
				INFOPLIST_FILE = "Blog ReaderTests/Info.plist";
				LD_RUNPATH_SEARCH_PATHS = "$(inherited) @executable_path/Frameworks @loader_path/Frameworks";
				PRODUCT_NAME = "$(TARGET_NAME)";
				TEST_HOST = "$(BUILT_PRODUCTS_DIR)/Blog Reader.app/Blog Reader";
			};
			name = Release;
		};
/* End XCBuildConfiguration section */

/* Begin XCConfigurationList section */
		B1FB68301A6D49950036D545 /* Build configuration list for PBXProject "Blog Reader" */ = {
			isa = XCConfigurationList;
			buildConfigurations = (
				B1FB68571A6D49950036D545 /* Debug */,
				B1FB68581A6D49950036D545 /* Release */,
			);
			defaultConfigurationIsVisible = 0;
			defaultConfigurationName = Release;
		};
		B1FB68591A6D49950036D545 /* Build configuration list for PBXNativeTarget "Blog Reader" */ = {
			isa = XCConfigurationList;
			buildConfigurations = (
				B1FB685A1A6D49950036D545 /* Debug */,
				B1FB685B1A6D49950036D545 /* Release */,
			);
			defaultConfigurationIsVisible = 0;
			defaultConfigurationName = Release;
		};
		B1FB685C1A6D49950036D545 /* Build configuration list for PBXNativeTarget "Blog ReaderTests" */ = {
			isa = XCConfigurationList;
			buildConfigurations = (
				B1FB685D1A6D49950036D545 /* Debug */,
				B1FB685E1A6D49950036D545 /* Release */,
			);
			defaultConfigurationIsVisible = 0;
			defaultConfigurationName = Release;
		};
/* End XCConfigurationList section */

/* Begin XCVersionGroup section */
		B1FB683C1A6D49950036D545 /* Blog_Reader.xcdatamodeld */ = {
			isa = XCVersionGroup;
			children = (
				B1FB683D1A6D49950036D545 /* Blog_Reader.xcdatamodel */,
			);
			currentVersion = B1FB683D1A6D49950036D545 /* Blog_Reader.xcdatamodel */;
			path = Blog_Reader.xcdatamodeld;
			sourceTree = "<group>";
			versionGroupType = wrapper.xcdatamodel;
		};
/* End XCVersionGroup section */
	};
	rootObject = B1FB682D1A6D49950036D545 /* Project object */;
}
